
Microsoft Visual Studio Solution File, Format Version 12.00
# Visual Studio 15
VisualStudioVersion = 15.0.27130.2026
MinimumVisualStudioVersion = 10.0.40219.1
Project("{FAE04EC0-301F-11D3-BF4B-00C04F79EFBC}") = "Promises", "Promises\Promises.csproj", "{232EFF93-C359-4292-9146-3E91B7C14808}"
EndProject
Project("{FAE04EC0-301F-11D3-BF4B-00C04F79EFBC}") = "Promises.Tests", "Promises.Tests\Promises.Tests.csproj", "{EE059C36-389D-457C-AFDA-CDBA5365CFB6}"
EndProject
Global
	GlobalSection(SolutionConfigurationPlatforms) = preSolution
		Debug|Any CPU = Debug|Any CPU
		Debug-Publish|Any CPU = Debug-Publish|Any CPU
		Release|Any CPU = Release|Any CPU
		Release-Publish|Any CPU = Release-Publish|Any CPU
	EndGlobalSection
	GlobalSection(ProjectConfigurationPlatforms) = postSolution
		{232EFF93-C359-4292-9146-3E91B7C14808}.Debug|Any CPU.ActiveCfg = Debug|Any CPU
		{232EFF93-C359-4292-9146-3E91B7C14808}.Debug|Any CPU.Build.0 = Debug|Any CPU
		{232EFF93-C359-4292-9146-3E91B7C14808}.Debug-Publish|Any CPU.ActiveCfg = Debug-Publish|Any CPU
		{232EFF93-C359-4292-9146-3E91B7C14808}.Debug-Publish|Any CPU.Build.0 = Debug-Publish|Any CPU
		{232EFF93-C359-4292-9146-3E91B7C14808}.Release|Any CPU.ActiveCfg = Release|Any CPU
		{232EFF93-C359-4292-9146-3E91B7C14808}.Release|Any CPU.Build.0 = Release|Any CPU
		{232EFF93-C359-4292-9146-3E91B7C14808}.Release-Publish|Any CPU.ActiveCfg = Release-Publish|Any CPU
		{232EFF93-C359-4292-9146-3E91B7C14808}.Release-Publish|Any CPU.Build.0 = Release-Publish|Any CPU
		{EE059C36-389D-457C-AFDA-CDBA5365CFB6}.Debug|Any CPU.ActiveCfg = Debug|Any CPU
		{EE059C36-389D-457C-AFDA-CDBA5365CFB6}.Debug|Any CPU.Build.0 = Debug|Any CPU
		{EE059C36-389D-457C-AFDA-CDBA5365CFB6}.Debug-Publish|Any CPU.ActiveCfg = Debug|Any CPU
		{EE059C36-389D-457C-AFDA-CDBA5365CFB6}.Debug-Publish|Any CPU.Build.0 = Debug|Any CPU
		{EE059C36-389D-457C-AFDA-CDBA5365CFB6}.Release|Any CPU.ActiveCfg = Release|Any CPU
		{EE059C36-389D-457C-AFDA-CDBA5365CFB6}.Release|Any CPU.Build.0 = Release|Any CPU
		{EE059C36-389D-457C-AFDA-CDBA5365CFB6}.Release-Publish|Any CPU.ActiveCfg = Release|Any CPU
		{EE059C36-389D-457C-AFDA-CDBA5365CFB6}.Release-Publish|Any CPU.Build.0 = Release|Any CPU
	EndGlobalSection
	GlobalSection(SolutionProperties) = preSolution
		HideSolutionNode = FALSE
	EndGlobalSection
	GlobalSection(ExtensibilityGlobals) = postSolution
		SolutionGuid = {46441C44-564B-4CEC-8F18-9770EAA5049F}
	EndGlobalSection
EndGlobal
